
Microsoft Visual Studio Solution File, Format Version 11.00
# Visual C# Express 2010
Project("{FAE04EC0-301F-11D3-BF4B-00C04F79EFBC}") = "BoxCreator", "BoxCreator\BoxCreator.csproj", "{90FD7FC8-6E5F-40A6-A87B-0C9D61E3A4A0}"
EndProject
Global
	GlobalSection(SolutionConfigurationPlatforms) = preSolution
		Debug|x86 = Debug|x86
		Release|x86 = Release|x86
	EndGlobalSection
	GlobalSection(ProjectConfigurationPlatforms) = postSolution
		{90FD7FC8-6E5F-40A6-A87B-0C9D61E3A4A0}.Debug|x86.ActiveCfg = Debug|x86
		{90FD7FC8-6E5F-40A6-A87B-0C9D61E3A4A0}.Debug|x86.Build.0 = Debug|x86
		{90FD7FC8-6E5F-40A6-A87B-0C9D61E3A4A0}.Release|x86.ActiveCfg = Release|x86
		{90FD7FC8-6E5F-40A6-A87B-0C9D61E3A4A0}.Release|x86.Build.0 = Release|x86
	EndGlobalSection
	GlobalSection(SolutionProperties) = preSolution
		HideSolutionNode = FALSE
	EndGlobalSection
EndGlobal
